{
  "name": "counter-define",
  "version": "1.0.0",
  "lockfileVersion": 2,
  "requires": true,
  "packages": {
    "": {
      "version": "1.0.0",
      "license": "ISC",
      "dependencies": {
        "casper-contract": "^1.2.0"
      },
      "devDependencies": {
        "assemblyscript": "^0.9.1"
      }
    },
    "node_modules/assemblyscript": {
      "version": "0.9.1",
      "resolved": "https://registry.npmjs.org/assemblyscript/-/assemblyscript-0.9.1.tgz",
      "integrity": "sha512-aM72Ey+CQloWmqTDLnlXD2Tb3sVoLU5i3tShaJWHlnLFWiyWWLZBQTue6jwyzqF8t9JNiEyC9eqkuagNtgSDjw==",
      "dev": true,
      "dependencies": {
        "binaryen": "90.0.0-nightly.20200128",
        "long": "^4.0.0"
      },
      "bin": {
        "asc": "bin/asc",
        "asinit": "bin/asinit"
      },
      "funding": {
        "type": "opencollective",
        "url": "https://opencollective.com/assemblyscript"
      }
    },
    "node_modules/binaryen": {
      "version": "90.0.0-nightly.20200128",
      "resolved": "https://registry.npmjs.org/binaryen/-/binaryen-90.0.0-nightly.20200128.tgz",
      "integrity": "sha512-f64O/OpAtS39zcocpqjMtskUgAkUAv2fBlY9/hu2Ly4m0Xd/waaTrPRLSaAsEDzFcn+MebOdCN8ASjej1jc0uA==",
      "dev": true,
      "bin": {
        "wasm-opt": "bin/wasm-opt"
      }
    },
    "node_modules/casper-contract": {
      "version": "1.2.0",
      "resolved": "https://registry.npmjs.org/casper-contract/-/casper-contract-1.2.0.tgz",
      "integrity": "sha512-vjKVm4ttbXrGV6w6tUhWjv3wfbfgebCcL1UVgEcTU4Kag0t8d0YGueaL8xubljPgUcvfx3U1DgxX6sWcxPX8iA=="
    },
    "node_modules/long": {
      "version": "4.0.0",
      "resolved": "https://registry.npmjs.org/long/-/long-4.0.0.tgz",
      "integrity": "sha512-XsP+KhQif4bjX1kbuSiySJFNAehNxgLb6hPRGJ9QsUr8ajHkuXGdrHmFUTUUXhDwVX2R5bY4JNZEwbUiMhV+MA==",
      "dev": true
    }
  },
  "dependencies": {
    "assemblyscript": {
      "version": "0.9.1",
      "resolved": "https://registry.npmjs.org/assemblyscript/-/assemblyscript-0.9.1.tgz",
      "integrity": "sha512-aM72Ey+CQloWmqTDLnlXD2Tb3sVoLU5i3tShaJWHlnLFWiyWWLZBQTue6jwyzqF8t9JNiEyC9eqkuagNtgSDjw==",
      "dev": true,
      "requires": {
        "binaryen": "90.0.0-nightly.20200128",
        "long": "^4.0.0"
      }
    },
    "binaryen": {
      "version": "90.0.0-nightly.20200128",
      "resolved": "https://registry.npmjs.org/binaryen/-/binaryen-90.0.0-nightly.20200128.tgz",
      "integrity": "sha512-f64O/OpAtS39zcocpqjMtskUgAkUAv2fBlY9/hu2Ly4m0Xd/waaTrPRLSaAsEDzFcn+MebOdCN8ASjej1jc0uA==",
      "dev": true
    },
    "casper-contract": {
      "version": "1.2.0",
      "resolved": "https://registry.npmjs.org/casper-contract/-/casper-contract-1.2.0.tgz",
      "integrity": "sha512-vjKVm4ttbXrGV6w6tUhWjv3wfbfgebCcL1UVgEcTU4Kag0t8d0YGueaL8xubljPgUcvfx3U1DgxX6sWcxPX8iA=="
    },
    "long": {
      "version": "4.0.0",
      "resolved": "https://registry.npmjs.org/long/-/long-4.0.0.tgz",
      "integrity": "sha512-XsP+KhQif4bjX1kbuSiySJFNAehNxgLb6hPRGJ9QsUr8ajHkuXGdrHmFUTUUXhDwVX2R5bY4JNZEwbUiMhV+MA==",
      "dev": true
    }
  }
}
